
Microsoft Visual Studio Solution File, Format Version 12.00
# Visual Studio Version 17
VisualStudioVersion = 17.8.34511.84
MinimumVisualStudioVersion = 10.0.40219.1
Project("{FAE04EC0-301F-11D3-BF4B-00C04F79EFBC}") = "SampleProjectForAWSDeployment", "SampleProjectForAWSDeployment\SampleProjectForAWSDeployment.csproj", "{B634373A-149D-47C4-86B0-D98712784AD0}"
EndProject
Global
	GlobalSection(SolutionConfigurationPlatforms) = preSolution
		Debug|Any CPU = Debug|Any CPU
		Release|Any CPU = Release|Any CPU
	EndGlobalSection
	GlobalSection(ProjectConfigurationPlatforms) = postSolution
		{B634373A-149D-47C4-86B0-D98712784AD0}.Debug|Any CPU.ActiveCfg = Debug|Any CPU
		{B634373A-149D-47C4-86B0-D98712784AD0}.Debug|Any CPU.Build.0 = Debug|Any CPU
		{B634373A-149D-47C4-86B0-D98712784AD0}.Release|Any CPU.ActiveCfg = Release|Any CPU
		{B634373A-149D-47C4-86B0-D98712784AD0}.Release|Any CPU.Build.0 = Release|Any CPU
	EndGlobalSection
	GlobalSection(SolutionProperties) = preSolution
		HideSolutionNode = FALSE
	EndGlobalSection
	GlobalSection(ExtensibilityGlobals) = postSolution
		SolutionGuid = {E9CA5C32-D097-425E-9DEF-E66E4CA73747}
	EndGlobalSection
EndGlobal
